// !$*UTF8*$!
{
	archiveVersion = 1;
	classes = {
	};
	objectVersion = 46;
	objects = {

/* Begin PBXBuildFile section */
		055A69161717A29500D9F4B9 /* MXRequestTests.m in Sources */ = {isa = PBXBuildFile; fileRef = 055A69151717A29500D9F4B9 /* MXRequestTests.m */; };
		055A691A1717B1A700D9F4B9 /* MXResponseTests.m in Sources */ = {isa = PBXBuildFile; fileRef = 055A69191717B1A700D9F4B9 /* MXResponseTests.m */; };
		055A692017189A0800D9F4B9 /* MXRequest+JSON.m in Sources */ = {isa = PBXBuildFile; fileRef = 055A691F17189A0800D9F4B9 /* MXRequest+JSON.m */; };
		055A692417189A6D00D9F4B9 /* MXRouter+JSON.m in Sources */ = {isa = PBXBuildFile; fileRef = 055A692317189A6D00D9F4B9 /* MXRouter+JSON.m */; };
		055A692A17189B4E00D9F4B9 /* MXRequest_JSONTests.m in Sources */ = {isa = PBXBuildFile; fileRef = 055A692917189B4E00D9F4B9 /* MXRequest_JSONTests.m */; };
		055A692D17189C1600D9F4B9 /* MXRouter_JSONTests.m in Sources */ = {isa = PBXBuildFile; fileRef = 055A692C17189C1600D9F4B9 /* MXRouter_JSONTests.m */; };
		058974C2171736B2007C2275 /* Foundation.framework in Frameworks */ = {isa = PBXBuildFile; fileRef = 058974C1171736B2007C2275 /* Foundation.framework */; };
		058974D1171736B2007C2275 /* SenTestingKit.framework in Frameworks */ = {isa = PBXBuildFile; fileRef = 058974D0171736B2007C2275 /* SenTestingKit.framework */; };
		058974D3171736B2007C2275 /* UIKit.framework in Frameworks */ = {isa = PBXBuildFile; fileRef = 058974D2171736B2007C2275 /* UIKit.framework */; };
		058974D4171736B2007C2275 /* Foundation.framework in Frameworks */ = {isa = PBXBuildFile; fileRef = 058974C1171736B2007C2275 /* Foundation.framework */; };
		058974D7171736B2007C2275 /* libmethodx.a in Frameworks */ = {isa = PBXBuildFile; fileRef = 058974BE171736B2007C2275 /* libmethodx.a */; };
		058974DD171736B2007C2275 /* InfoPlist.strings in Resources */ = {isa = PBXBuildFile; fileRef = 058974DB171736B2007C2275 /* InfoPlist.strings */; };
		058974EB171736CB007C2275 /* MXRouterTests.m in Sources */ = {isa = PBXBuildFile; fileRef = 058974EA171736CB007C2275 /* MXRouterTests.m */; };
		058974EE1717370F007C2275 /* MXRouter.m in Sources */ = {isa = PBXBuildFile; fileRef = 058974ED1717370F007C2275 /* MXRouter.m */; };
		058974F5171737B1007C2275 /* MXRequest.m in Sources */ = {isa = PBXBuildFile; fileRef = 058974F4171737B1007C2275 /* MXRequest.m */; };
		058974F8171737C9007C2275 /* MXResponse.m in Sources */ = {isa = PBXBuildFile; fileRef = 058974F7171737C9007C2275 /* MXResponse.m */; };
		058974FB17173834007C2275 /* MXSelectorTargetMapping.m in Sources */ = {isa = PBXBuildFile; fileRef = 058974FA17173834007C2275 /* MXSelectorTargetMapping.m */; };
		058974FE1717390E007C2275 /* MXSelectorTargetMappingTest.m in Sources */ = {isa = PBXBuildFile; fileRef = 058974FD1717390E007C2275 /* MXSelectorTargetMappingTest.m */; };
/* End PBXBuildFile section */

/* Begin PBXContainerItemProxy section */
		058974D5171736B2007C2275 /* PBXContainerItemProxy */ = {
			isa = PBXContainerItemProxy;
			containerPortal = 058974B6171736B2007C2275 /* Project object */;
			proxyType = 1;
			remoteGlobalIDString = 058974BD171736B2007C2275;
			remoteInfo = methodx;
		};
/* End PBXContainerItemProxy section */

/* Begin PBXCopyFilesBuildPhase section */
		058974BC171736B2007C2275 /* CopyFiles */ = {
			isa = PBXCopyFilesBuildPhase;
			buildActionMask = 2147483647;
			dstPath = "include/${PRODUCT_NAME}";
			dstSubfolderSpec = 16;
			files = (
			);
			runOnlyForDeploymentPostprocessing = 0;
		};
/* End PBXCopyFilesBuildPhase section */

/* Begin PBXFileReference section */
		055A69141717A29500D9F4B9 /* MXRequestTests.h */ = {isa = PBXFileReference; fileEncoding = 4; lastKnownFileType = sourcecode.c.h; path = MXRequestTests.h; sourceTree = "<group>"; };
		055A69151717A29500D9F4B9 /* MXRequestTests.m */ = {isa = PBXFileReference; fileEncoding = 4; lastKnownFileType = sourcecode.c.objc; path = MXRequestTests.m; sourceTree = "<group>"; };
		055A69171717A88700D9F4B9 /* Macros.h */ = {isa = PBXFileReference; lastKnownFileType = sourcecode.c.h; path = Macros.h; sourceTree = "<group>"; };
		055A69181717B1A700D9F4B9 /* MXResponseTests.h */ = {isa = PBXFileReference; fileEncoding = 4; lastKnownFileType = sourcecode.c.h; path = MXResponseTests.h; sourceTree = "<group>"; };
		055A69191717B1A700D9F4B9 /* MXResponseTests.m */ = {isa = PBXFileReference; fileEncoding = 4; lastKnownFileType = sourcecode.c.objc; path = MXResponseTests.m; sourceTree = "<group>"; };
		055A691B1718591B00D9F4B9 /* methodx.h */ = {isa = PBXFileReference; lastKnownFileType = sourcecode.c.h; path = methodx.h; sourceTree = "<group>"; };
		055A691C17185B7B00D9F4B9 /* README.md */ = {isa = PBXFileReference; lastKnownFileType = text; path = README.md; sourceTree = "<group>"; };
		055A691E17189A0800D9F4B9 /* MXRequest+JSON.h */ = {isa = PBXFileReference; fileEncoding = 4; lastKnownFileType = sourcecode.c.h; path = "MXRequest+JSON.h"; sourceTree = "<group>"; };
		055A691F17189A0800D9F4B9 /* MXRequest+JSON.m */ = {isa = PBXFileReference; fileEncoding = 4; lastKnownFileType = sourcecode.c.objc; path = "MXRequest+JSON.m"; sourceTree = "<group>"; };
		055A692217189A6D00D9F4B9 /* MXRouter+JSON.h */ = {isa = PBXFileReference; fileEncoding = 4; lastKnownFileType = sourcecode.c.h; path = "MXRouter+JSON.h"; sourceTree = "<group>"; };
		055A692317189A6D00D9F4B9 /* MXRouter+JSON.m */ = {isa = PBXFileReference; fileEncoding = 4; lastKnownFileType = sourcecode.c.objc; path = "MXRouter+JSON.m"; sourceTree = "<group>"; };
		055A692817189B4E00D9F4B9 /* MXRequest_JSONTests.h */ = {isa = PBXFileReference; fileEncoding = 4; lastKnownFileType = sourcecode.c.h; path = MXRequest_JSONTests.h; sourceTree = "<group>"; };
		055A692917189B4E00D9F4B9 /* MXRequest_JSONTests.m */ = {isa = PBXFileReference; fileEncoding = 4; lastKnownFileType = sourcecode.c.objc; path = MXRequest_JSONTests.m; sourceTree = "<group>"; };
		055A692B17189C1600D9F4B9 /* MXRouter_JSONTests.h */ = {isa = PBXFileReference; fileEncoding = 4; lastKnownFileType = sourcecode.c.h; path = MXRouter_JSONTests.h; sourceTree = "<group>"; };
		055A692C17189C1600D9F4B9 /* MXRouter_JSONTests.m */ = {isa = PBXFileReference; fileEncoding = 4; lastKnownFileType = sourcecode.c.objc; path = MXRouter_JSONTests.m; sourceTree = "<group>"; };
		058974BE171736B2007C2275 /* libmethodx.a */ = {isa = PBXFileReference; explicitFileType = archive.ar; includeInIndex = 0; path = libmethodx.a; sourceTree = BUILT_PRODUCTS_DIR; };
		058974C1171736B2007C2275 /* Foundation.framework */ = {isa = PBXFileReference; lastKnownFileType = wrapper.framework; name = Foundation.framework; path = System/Library/Frameworks/Foundation.framework; sourceTree = SDKROOT; };
		058974C5171736B2007C2275 /* methodx-Prefix.pch */ = {isa = PBXFileReference; lastKnownFileType = sourcecode.c.h; path = "methodx-Prefix.pch"; sourceTree = "<group>"; };
		058974CF171736B2007C2275 /* methodxTests.octest */ = {isa = PBXFileReference; explicitFileType = wrapper.cfbundle; includeInIndex = 0; path = methodxTests.octest; sourceTree = BUILT_PRODUCTS_DIR; };
		058974D0171736B2007C2275 /* SenTestingKit.framework */ = {isa = PBXFileReference; lastKnownFileType = wrapper.framework; name = SenTestingKit.framework; path = Library/Frameworks/SenTestingKit.framework; sourceTree = DEVELOPER_DIR; };
		058974D2171736B2007C2275 /* UIKit.framework */ = {isa = PBXFileReference; lastKnownFileType = wrapper.framework; name = UIKit.framework; path = Library/Frameworks/UIKit.framework; sourceTree = DEVELOPER_DIR; };
		058974DA171736B2007C2275 /* methodxTests-Info.plist */ = {isa = PBXFileReference; lastKnownFileType = text.plist.xml; path = "methodxTests-Info.plist"; sourceTree = "<group>"; };
		058974DC171736B2007C2275 /* en */ = {isa = PBXFileReference; lastKnownFileType = text.plist.strings; name = en; path = en.lproj/InfoPlist.strings; sourceTree = "<group>"; };
		058974E9171736CB007C2275 /* MXRouterTests.h */ = {isa = PBXFileReference; fileEncoding = 4; lastKnownFileType = sourcecode.c.h; path = MXRouterTests.h; sourceTree = "<group>"; };
		058974EA171736CB007C2275 /* MXRouterTests.m */ = {isa = PBXFileReference; fileEncoding = 4; lastKnownFileType = sourcecode.c.objc; path = MXRouterTests.m; sourceTree = "<group>"; };
		058974EC1717370F007C2275 /* MXRouter.h */ = {isa = PBXFileReference; fileEncoding = 4; lastKnownFileType = sourcecode.c.h; path = MXRouter.h; sourceTree = "<group>"; };
		058974ED1717370F007C2275 /* MXRouter.m */ = {isa = PBXFileReference; fileEncoding = 4; lastKnownFileType = sourcecode.c.objc; path = MXRouter.m; sourceTree = "<group>"; };
		058974F21717378F007C2275 /* MXMapping.h */ = {isa = PBXFileReference; lastKnownFileType = sourcecode.c.h; path = MXMapping.h; sourceTree = "<group>"; };
		058974F3171737B1007C2275 /* MXRequest.h */ = {isa = PBXFileReference; fileEncoding = 4; lastKnownFileType = sourcecode.c.h; path = MXRequest.h; sourceTree = "<group>"; };
		058974F4171737B1007C2275 /* MXRequest.m */ = {isa = PBXFileReference; fileEncoding = 4; lastKnownFileType = sourcecode.c.objc; path = MXRequest.m; sourceTree = "<group>"; };
		058974F6171737C9007C2275 /* MXResponse.h */ = {isa = PBXFileReference; fileEncoding = 4; lastKnownFileType = sourcecode.c.h; path = MXResponse.h; sourceTree = "<group>"; };
		058974F7171737C9007C2275 /* MXResponse.m */ = {isa = PBXFileReference; fileEncoding = 4; lastKnownFileType = sourcecode.c.objc; path = MXResponse.m; sourceTree = "<group>"; };
		058974F917173834007C2275 /* MXSelectorTargetMapping.h */ = {isa = PBXFileReference; fileEncoding = 4; lastKnownFileType = sourcecode.c.h; path = MXSelectorTargetMapping.h; sourceTree = "<group>"; };
		058974FA17173834007C2275 /* MXSelectorTargetMapping.m */ = {isa = PBXFileReference; fileEncoding = 4; lastKnownFileType = sourcecode.c.objc; path = MXSelectorTargetMapping.m; sourceTree = "<group>"; };
		058974FC1717390E007C2275 /* MXSelectorTargetMappingTest.h */ = {isa = PBXFileReference; fileEncoding = 4; lastKnownFileType = sourcecode.c.h; path = MXSelectorTargetMappingTest.h; sourceTree = "<group>"; };
		058974FD1717390E007C2275 /* MXSelectorTargetMappingTest.m */ = {isa = PBXFileReference; fileEncoding = 4; lastKnownFileType = sourcecode.c.objc; path = MXSelectorTargetMappingTest.m; sourceTree = "<group>"; };
/* End PBXFileReference section */

/* Begin PBXFrameworksBuildPhase section */
		058974BB171736B2007C2275 /* Frameworks */ = {
			isa = PBXFrameworksBuildPhase;
			buildActionMask = 2147483647;
			files = (
				058974C2171736B2007C2275 /* Foundation.framework in Frameworks */,
			);
			runOnlyForDeploymentPostprocessing = 0;
		};
		058974CB171736B2007C2275 /* Frameworks */ = {
			isa = PBXFrameworksBuildPhase;
			buildActionMask = 2147483647;
			files = (
				058974D1171736B2007C2275 /* SenTestingKit.framework in Frameworks */,
				058974D3171736B2007C2275 /* UIKit.framework in Frameworks */,
				058974D4171736B2007C2275 /* Foundation.framework in Frameworks */,
				058974D7171736B2007C2275 /* libmethodx.a in Frameworks */,
			);
			runOnlyForDeploymentPostprocessing = 0;
		};
/* End PBXFrameworksBuildPhase section */

/* Begin PBXGroup section */
		055A691D171899EE00D9F4B9 /* Formats */ = {
			isa = PBXGroup;
			children = (
				055A692117189A5000D9F4B9 /* JSON */,
			);
			name = Formats;
			sourceTree = "<group>";
		};
		055A692117189A5000D9F4B9 /* JSON */ = {
			isa = PBXGroup;
			children = (
				055A691E17189A0800D9F4B9 /* MXRequest+JSON.h */,
				055A691F17189A0800D9F4B9 /* MXRequest+JSON.m */,
				055A692217189A6D00D9F4B9 /* MXRouter+JSON.h */,
				055A692317189A6D00D9F4B9 /* MXRouter+JSON.m */,
			);
			name = JSON;
			sourceTree = "<group>";
		};
		055A692517189B1B00D9F4B9 /* Formats */ = {
			isa = PBXGroup;
			children = (
				055A692617189B2100D9F4B9 /* JSON */,
			);
			name = Formats;
			sourceTree = "<group>";
		};
		055A692617189B2100D9F4B9 /* JSON */ = {
			isa = PBXGroup;
			children = (
				055A692817189B4E00D9F4B9 /* MXRequest_JSONTests.h */,
				055A692917189B4E00D9F4B9 /* MXRequest_JSONTests.m */,
				055A692B17189C1600D9F4B9 /* MXRouter_JSONTests.h */,
				055A692C17189C1600D9F4B9 /* MXRouter_JSONTests.m */,
			);
			name = JSON;
			sourceTree = "<group>";
		};
		058974B5171736B2007C2275 = {
			isa = PBXGroup;
			children = (
				055A691C17185B7B00D9F4B9 /* README.md */,
				058974C3171736B2007C2275 /* methodx */,
				058974D8171736B2007C2275 /* methodxTests */,
				058974C0171736B2007C2275 /* Frameworks */,
				058974BF171736B2007C2275 /* Products */,
			);
			sourceTree = "<group>";
		};
		058974BF171736B2007C2275 /* Products */ = {
			isa = PBXGroup;
			children = (
				058974BE171736B2007C2275 /* libmethodx.a */,
				058974CF171736B2007C2275 /* methodxTests.octest */,
			);
			name = Products;
			sourceTree = "<group>";
		};
		058974C0171736B2007C2275 /* Frameworks */ = {
			isa = PBXGroup;
			children = (
				058974C1171736B2007C2275 /* Foundation.framework */,
				058974D0171736B2007C2275 /* SenTestingKit.framework */,
				058974D2171736B2007C2275 /* UIKit.framework */,
			);
			name = Frameworks;
			sourceTree = "<group>";
		};
		058974C3171736B2007C2275 /* methodx */ = {
			isa = PBXGroup;
			children = (
				055A691D171899EE00D9F4B9 /* Formats */,
				055A691B1718591B00D9F4B9 /* methodx.h */,
				055A69171717A88700D9F4B9 /* Macros.h */,
				058974F21717378F007C2275 /* MXMapping.h */,
				058974C4171736B2007C2275 /* Supporting Files */,
				058974EC1717370F007C2275 /* MXRouter.h */,
				058974ED1717370F007C2275 /* MXRouter.m */,
				058974F3171737B1007C2275 /* MXRequest.h */,
				058974F4171737B1007C2275 /* MXRequest.m */,
				058974F6171737C9007C2275 /* MXResponse.h */,
				058974F7171737C9007C2275 /* MXResponse.m */,
				058974F917173834007C2275 /* MXSelectorTargetMapping.h */,
				058974FA17173834007C2275 /* MXSelectorTargetMapping.m */,
			);
			path = methodx;
			sourceTree = "<group>";
		};
		058974C4171736B2007C2275 /* Supporting Files */ = {
			isa = PBXGroup;
			children = (
				058974C5171736B2007C2275 /* methodx-Prefix.pch */,
			);
			name = "Supporting Files";
			sourceTree = "<group>";
		};
		058974D8171736B2007C2275 /* methodxTests */ = {
			isa = PBXGroup;
			children = (
				055A692517189B1B00D9F4B9 /* Formats */,
				058974D9171736B2007C2275 /* Supporting Files */,
				058974E9171736CB007C2275 /* MXRouterTests.h */,
				058974EA171736CB007C2275 /* MXRouterTests.m */,
				058974FC1717390E007C2275 /* MXSelectorTargetMappingTest.h */,
				058974FD1717390E007C2275 /* MXSelectorTargetMappingTest.m */,
				055A69141717A29500D9F4B9 /* MXRequestTests.h */,
				055A69151717A29500D9F4B9 /* MXRequestTests.m */,
				055A69181717B1A700D9F4B9 /* MXResponseTests.h */,
				055A69191717B1A700D9F4B9 /* MXResponseTests.m */,
			);
			path = methodxTests;
			sourceTree = "<group>";
		};
		058974D9171736B2007C2275 /* Supporting Files */ = {
			isa = PBXGroup;
			children = (
				058974DA171736B2007C2275 /* methodxTests-Info.plist */,
				058974DB171736B2007C2275 /* InfoPlist.strings */,
			);
			name = "Supporting Files";
			sourceTree = "<group>";
		};
/* End PBXGroup section */

/* Begin PBXNativeTarget section */
		058974BD171736B2007C2275 /* methodx */ = {
			isa = PBXNativeTarget;
			buildConfigurationList = 058974E3171736B2007C2275 /* Build configuration list for PBXNativeTarget "methodx" */;
			buildPhases = (
				058974BA171736B2007C2275 /* Sources */,
				058974BB171736B2007C2275 /* Frameworks */,
				058974BC171736B2007C2275 /* CopyFiles */,
			);
			buildRules = (
			);
			dependencies = (
			);
			name = methodx;
			productName = methodx;
			productReference = 058974BE171736B2007C2275 /* libmethodx.a */;
			productType = "com.apple.product-type.library.static";
		};
		058974CE171736B2007C2275 /* methodxTests */ = {
			isa = PBXNativeTarget;
			buildConfigurationList = 058974E6171736B2007C2275 /* Build configuration list for PBXNativeTarget "methodxTests" */;
			buildPhases = (
				058974CA171736B2007C2275 /* Sources */,
				058974CB171736B2007C2275 /* Frameworks */,
				058974CC171736B2007C2275 /* Resources */,
				058974CD171736B2007C2275 /* ShellScript */,
			);
			buildRules = (
			);
			dependencies = (
				058974D6171736B2007C2275 /* PBXTargetDependency */,
			);
			name = methodxTests;
			productName = methodxTests;
			productReference = 058974CF171736B2007C2275 /* methodxTests.octest */;
			productType = "com.apple.product-type.bundle";
		};
/* End PBXNativeTarget section */

/* Begin PBXProject section */
		058974B6171736B2007C2275 /* Project object */ = {
			isa = PBXProject;
			attributes = {
				LastUpgradeCheck = 0460;
				ORGANIZATIONNAME = futilegames.com;
			};
			buildConfigurationList = 058974B9171736B2007C2275 /* Build configuration list for PBXProject "methodx" */;
			compatibilityVersion = "Xcode 3.2";
			developmentRegion = English;
			hasScannedForEncodings = 0;
			knownRegions = (
				en,
			);
			mainGroup = 058974B5171736B2007C2275;
			productRefGroup = 058974BF171736B2007C2275 /* Products */;
			projectDirPath = "";
			projectRoot = "";
			targets = (
				058974BD171736B2007C2275 /* methodx */,
				058974CE171736B2007C2275 /* methodxTests */,
			);
		};
/* End PBXProject section */

/* Begin PBXResourcesBuildPhase section */
		058974CC171736B2007C2275 /* Resources */ = {
			isa = PBXResourcesBuildPhase;
			buildActionMask = 2147483647;
			files = (
				058974DD171736B2007C2275 /* InfoPlist.strings in Resources */,
			);
			runOnlyForDeploymentPostprocessing = 0;
		};
/* End PBXResourcesBuildPhase section */

/* Begin PBXShellScriptBuildPhase section */
		058974CD171736B2007C2275 /* ShellScript */ = {
			isa = PBXShellScriptBuildPhase;
			buildActionMask = 2147483647;
			files = (
			);
			inputPaths = (
			);
			outputPaths = (
			);
			runOnlyForDeploymentPostprocessing = 0;
			shellPath = /bin/sh;
			shellScript = "# Run the unit tests in this test bundle.\n\"${SYSTEM_DEVELOPER_DIR}/Tools/RunUnitTests\"\n";
		};
/* End PBXShellScriptBuildPhase section */

/* Begin PBXSourcesBuildPhase section */
		058974BA171736B2007C2275 /* Sources */ = {
			isa = PBXSourcesBuildPhase;
			buildActionMask = 2147483647;
			files = (
				058974EE1717370F007C2275 /* MXRouter.m in Sources */,
				058974F5171737B1007C2275 /* MXRequest.m in Sources */,
				058974F8171737C9007C2275 /* MXResponse.m in Sources */,
				058974FB17173834007C2275 /* MXSelectorTargetMapping.m in Sources */,
				055A692017189A0800D9F4B9 /* MXRequest+JSON.m in Sources */,
				055A692417189A6D00D9F4B9 /* MXRouter+JSON.m in Sources */,
			);
			runOnlyForDeploymentPostprocessing = 0;
		};
		058974CA171736B2007C2275 /* Sources */ = {
			isa = PBXSourcesBuildPhase;
			buildActionMask = 2147483647;
			files = (
				058974EB171736CB007C2275 /* MXRouterTests.m in Sources */,
				058974FE1717390E007C2275 /* MXSelectorTargetMappingTest.m in Sources */,
				055A69161717A29500D9F4B9 /* MXRequestTests.m in Sources */,
				055A691A1717B1A700D9F4B9 /* MXResponseTests.m in Sources */,
				055A692A17189B4E00D9F4B9 /* MXRequest_JSONTests.m in Sources */,
				055A692D17189C1600D9F4B9 /* MXRouter_JSONTests.m in Sources */,
			);
			runOnlyForDeploymentPostprocessing = 0;
		};
/* End PBXSourcesBuildPhase section */

/* Begin PBXTargetDependency section */
		058974D6171736B2007C2275 /* PBXTargetDependency */ = {
			isa = PBXTargetDependency;
			target = 058974BD171736B2007C2275 /* methodx */;
			targetProxy = 058974D5171736B2007C2275 /* PBXContainerItemProxy */;
		};
/* End PBXTargetDependency section */

/* Begin PBXVariantGroup section */
		058974DB171736B2007C2275 /* InfoPlist.strings */ = {
			isa = PBXVariantGroup;
			children = (
				058974DC171736B2007C2275 /* en */,
			);
			name = InfoPlist.strings;
			sourceTree = "<group>";
		};
/* End PBXVariantGroup section */

/* Begin XCBuildConfiguration section */
		058974E1171736B2007C2275 /* Debug */ = {
			isa = XCBuildConfiguration;
			buildSettings = {
				ALWAYS_SEARCH_USER_PATHS = NO;
				CLANG_CXX_LANGUAGE_STANDARD = "gnu++0x";
				CLANG_CXX_LIBRARY = "libc++";
				CLANG_ENABLE_OBJC_ARC = YES;
				CLANG_WARN_CONSTANT_CONVERSION = YES;
				CLANG_WARN_EMPTY_BODY = YES;
				CLANG_WARN_ENUM_CONVERSION = YES;
				CLANG_WARN_INT_CONVERSION = YES;
				CLANG_WARN__DUPLICATE_METHOD_MATCH = YES;
				COPY_PHASE_STRIP = NO;
				GCC_C_LANGUAGE_STANDARD = gnu99;
				GCC_DYNAMIC_NO_PIC = NO;
				GCC_OPTIMIZATION_LEVEL = 0;
				GCC_PREPROCESSOR_DEFINITIONS = (
					"DEBUG=1",
					"$(inherited)",
				);
				GCC_SYMBOLS_PRIVATE_EXTERN = NO;
				GCC_WARN_ABOUT_RETURN_TYPE = YES;
				GCC_WARN_UNINITIALIZED_AUTOS = YES;
				GCC_WARN_UNUSED_VARIABLE = YES;
				IPHONEOS_DEPLOYMENT_TARGET = 6.1;
				ONLY_ACTIVE_ARCH = YES;
				SDKROOT = iphoneos;
			};
			name = Debug;
		};
		058974E2171736B2007C2275 /* Release */ = {
			isa = XCBuildConfiguration;
			buildSettings = {
				ALWAYS_SEARCH_USER_PATHS = NO;
				CLANG_CXX_LANGUAGE_STANDARD = "gnu++0x";
				CLANG_CXX_LIBRARY = "libc++";
				CLANG_ENABLE_OBJC_ARC = YES;
				CLANG_WARN_CONSTANT_CONVERSION = YES;
				CLANG_WARN_EMPTY_BODY = YES;
				CLANG_WARN_ENUM_CONVERSION = YES;
				CLANG_WARN_INT_CONVERSION = YES;
				CLANG_WARN__DUPLICATE_METHOD_MATCH = YES;
				COPY_PHASE_STRIP = YES;
				GCC_C_LANGUAGE_STANDARD = gnu99;
				GCC_WARN_ABOUT_RETURN_TYPE = YES;
				GCC_WARN_UNINITIALIZED_AUTOS = YES;
				GCC_WARN_UNUSED_VARIABLE = YES;
				IPHONEOS_DEPLOYMENT_TARGET = 6.1;
				SDKROOT = iphoneos;
				VALIDATE_PRODUCT = YES;
			};
			name = Release;
		};
		058974E4171736B2007C2275 /* Debug */ = {
			isa = XCBuildConfiguration;
			buildSettings = {
				DSTROOT = /tmp/methodx.dst;
				GCC_PRECOMPILE_PREFIX_HEADER = YES;
				GCC_PREFIX_HEADER = "methodx/methodx-Prefix.pch";
				OTHER_LDFLAGS = (
					"-ObjC",
					"-all_load",
				);
				PRODUCT_NAME = "$(TARGET_NAME)";
				SKIP_INSTALL = YES;
			};
			name = Debug;
		};
		058974E5171736B2007C2275 /* Release */ = {
			isa = XCBuildConfiguration;
			buildSettings = {
				DSTROOT = /tmp/methodx.dst;
				GCC_PRECOMPILE_PREFIX_HEADER = YES;
				GCC_PREFIX_HEADER = "methodx/methodx-Prefix.pch";
				OTHER_LDFLAGS = (
					"-ObjC",
					"-all_load",
				);
				PRODUCT_NAME = "$(TARGET_NAME)";
				SKIP_INSTALL = YES;
			};
			name = Release;
		};
		058974E7171736B2007C2275 /* Debug */ = {
			isa = XCBuildConfiguration;
			buildSettings = {
				FRAMEWORK_SEARCH_PATHS = (
					"\"$(SDKROOT)/Developer/Library/Frameworks\"",
					"\"$(DEVELOPER_LIBRARY_DIR)/Frameworks\"",
				);
				GCC_PRECOMPILE_PREFIX_HEADER = YES;
				GCC_PREFIX_HEADER = "methodx/methodx-Prefix.pch";
				INFOPLIST_FILE = "methodxTests/methodxTests-Info.plist";
				OTHER_LDFLAGS = "-all_load";
				PRODUCT_NAME = "$(TARGET_NAME)";
				WRAPPER_EXTENSION = octest;
			};
			name = Debug;
		};
		058974E8171736B2007C2275 /* Release */ = {
			isa = XCBuildConfiguration;
			buildSettings = {
				FRAMEWORK_SEARCH_PATHS = (
					"\"$(SDKROOT)/Developer/Library/Frameworks\"",
					"\"$(DEVELOPER_LIBRARY_DIR)/Frameworks\"",
				);
				GCC_PRECOMPILE_PREFIX_HEADER = YES;
				GCC_PREFIX_HEADER = "methodx/methodx-Prefix.pch";
				INFOPLIST_FILE = "methodxTests/methodxTests-Info.plist";
				OTHER_LDFLAGS = "-all_load";
				PRODUCT_NAME = "$(TARGET_NAME)";
				WRAPPER_EXTENSION = octest;
			};
			name = Release;
		};
/* End XCBuildConfiguration section */

/* Begin XCConfigurationList section */
		058974B9171736B2007C2275 /* Build configuration list for PBXProject "methodx" */ = {
			isa = XCConfigurationList;
			buildConfigurations = (
				058974E1171736B2007C2275 /* Debug */,
				058974E2171736B2007C2275 /* Release */,
			);
			defaultConfigurationIsVisible = 0;
			defaultConfigurationName = Release;
		};
		058974E3171736B2007C2275 /* Build configuration list for PBXNativeTarget "methodx" */ = {
			isa = XCConfigurationList;
			buildConfigurations = (
				058974E4171736B2007C2275 /* Debug */,
				058974E5171736B2007C2275 /* Release */,
			);
			defaultConfigurationIsVisible = 0;
			defaultConfigurationName = Release;
		};
		058974E6171736B2007C2275 /* Build configuration list for PBXNativeTarget "methodxTests" */ = {
			isa = XCConfigurationList;
			buildConfigurations = (
				058974E7171736B2007C2275 /* Debug */,
				058974E8171736B2007C2275 /* Release */,
			);
			defaultConfigurationIsVisible = 0;
			defaultConfigurationName = Release;
		};
/* End XCConfigurationList section */
	};
	rootObject = 058974B6171736B2007C2275 /* Project object */;
}
